# THIS IS AN AUTOGENERATED FILE. DO NOT EDIT THIS FILE DIRECTLY.
# yarn lockfile v1


emittery@^0.10.0:
  version "0.10.0"
  resolved "https://registry.yarnpkg.com/emittery/-/emittery-0.10.0.tgz#bb373c660a9d421bb44706ec4967ed50c02a8026"
  integrity sha512-AGvFfs+d0JKCJQ4o01ASQLGPmSCxgfU9RFXvzPvZdjKK8oscynksuJhWrSTSw7j7Ep/sZct5b5ZhYCi8S/t0HQ==
